<?xml version="1.0" encoding="utf-8"?>
<Project ToolsVersion="4.0" xmlns="http://schemas.microsoft.com/developer/msbuild/2003">
  <ItemGroup>
    <Filter Include="Source">
      <UniqueIdentifier>{4FC737F1-C7A5-4376-A066-2A32D752A2FF}</UniqueIdentifier>
      <Extensions>cpp;c;cc;cxx;c++;cppm;ixx;def;odl;idl;hpj;bat;asm;asmx</Extensions>
    </Filter>
    <Filter Include="Source\Game">
      <UniqueIdentifier>{8f51d384-3b44-4075-a01b-7b88d29e8d78}</UniqueIdentifier>
    </Filter>
    <Filter Include="Assets">
      <UniqueIdentifier>{b3a6bb8c-b2db-4cb4-a57b-e0cce9c3db70}</UniqueIdentifier>
    </Filter>
  </ItemGroup>
  <ItemGroup>
    <ClCompile Include="Main.cpp">
      <Filter>Source</Filter>
    </ClCompile>
    <ClCompile Include="Game\Player.cpp">
      <Filter>Source\Game</Filter>
    </ClCompile>
    <ClCompile Include="Game\Enemy.cpp">
      <Filter>Source\Game</Filter>
    </ClCompile>
    <ClCompile Include="Game\SpaceGame.cpp">
      <Filter>Source\Game</Filter>
    </ClCompile>
    <ClCompile Include="Game\GameData.cpp">
      <Filter>Source\Game</Filter>
    </ClCompile>
    <ClCompile Include="Game\ringBlast.cpp">
      <Filter>Source\Game</Filter>
    </ClCompile>
    <ClCompile Include="Game\Rocket.cpp">
      <Filter>Source\Game</Filter>
    </ClCompile>
    <ClCompile Include="GamePCH.cpp">
      <Filter>Source</Filter>
    </ClCompile>
  </ItemGroup>
  <ItemGroup>
    <ClInclude Include="Game\Player.h">
      <Filter>Source\Game</Filter>
    </ClInclude>
    <ClInclude Include="Game\Enemy.h">
      <Filter>Source\Game</Filter>
    </ClInclude>
    <ClInclude Include="Game\SpaceGame.h">
      <Filter>Source\Game</Filter>
    </ClInclude>
    <ClInclude Include="Game\GameData.h">
      <Filter>Source\Game</Filter>
    </ClInclude>
    <ClInclude Include="Game\Rocket.h">
      <Filter>Source\Game</Filter>
    </ClInclude>
    <ClInclude Include="Game\ringBlast.h">
      <Filter>Source\Game</Filter>
    </ClInclude>
    <ClInclude Include="GamePCH.h">
      <Filter>Source</Filter>
    </ClInclude>
  </ItemGroup>
  <ItemGroup>
    <Text Include="..\..\Build\Assets\Meshes\enemy.txt">
      <Filter>Assets</Filter>
    </Text>
    <Text Include="..\..\Build\Assets\Meshes\enemy_missle.txt">
      <Filter>Assets</Filter>
    </Text>
    <Text Include="..\..\Build\Assets\Meshes\player.txt">
      <Filter>Assets</Filter>
    </Text>
    <Text Include="..\..\Build\Assets\Meshes\player_missle.txt">
      <Filter>Assets</Filter>
    </Text>
    <Text Include="..\..\Build\Assets\Meshes\ring.txt">
      <Filter>Assets</Filter>
    </Text>
  </ItemGroup>
</Project>